
Microsoft Visual Studio Solution File, Format Version 12.00
# Visual Studio 15
VisualStudioVersion = 15.0.27004.2010
MinimumVisualStudioVersion = 10.0.40219.1
Project("{2150E333-8FDC-42A3-9474-1A3956D46DE8}") = "Framework", "Framework", "{3B563173-89BA-4077-9938-C934B6D79467}"
EndProject
Project("{2150E333-8FDC-42A3-9474-1A3956D46DE8}") = "Tests", "Tests", "{DE3A5EC3-D89F-4946-A807-12A874DE4062}"
EndProject
Project("{FAE04EC0-301F-11D3-BF4B-00C04F79EFBC}") = "Vaft.Framework", "Vaft.Framework\Vaft.Framework.csproj", "{91FD4AA4-053A-4DC2-B54C-D0E15894494E}"
EndProject
Project("{FAE04EC0-301F-11D3-BF4B-00C04F79EFBC}") = "Vaft.UnitTests", "Vaft.UnitTests\Vaft.UnitTests.csproj", "{C4BBA1FD-D62B-489A-8EA2-A0CC10CBBA21}"
EndProject
Project("{FAE04EC0-301F-11D3-BF4B-00C04F79EFBC}") = "Vaft.SeleniumNunitTests", "Vaft.SeleniumNunitTests\Vaft.SeleniumNunitTests.csproj", "{FB9592C9-BF37-43EF-ACE5-04EEF7C7DE0D}"
EndProject
Project("{FAE04EC0-301F-11D3-BF4B-00C04F79EFBC}") = "Vaft.SeleniumMsTests", "Vaft.SeleniumMsTests\Vaft.SeleniumMsTests.csproj", "{A0E424FD-4558-45A2-9F52-33A702E33D12}"
EndProject
Project("{FAE04EC0-301F-11D3-BF4B-00C04F79EFBC}") = "Vaft.PageObjects", "Vaft.PageObjects\Vaft.PageObjects.csproj", "{1FEC6835-66EE-4826-911A-2380B5388307}"
EndProject
Global
	GlobalSection(SolutionConfigurationPlatforms) = preSolution
		Chrome|Any CPU = Chrome|Any CPU
		Debug|Any CPU = Debug|Any CPU
		Firefox|Any CPU = Firefox|Any CPU
		IE|Any CPU = IE|Any CPU
		IE10|Any CPU = IE10|Any CPU
		IE11|Any CPU = IE11|Any CPU
		Release|Any CPU = Release|Any CPU
	EndGlobalSection
	GlobalSection(ProjectConfigurationPlatforms) = postSolution
		{91FD4AA4-053A-4DC2-B54C-D0E15894494E}.Chrome|Any CPU.ActiveCfg = Release|Any CPU
		{91FD4AA4-053A-4DC2-B54C-D0E15894494E}.Chrome|Any CPU.Build.0 = Release|Any CPU
		{91FD4AA4-053A-4DC2-B54C-D0E15894494E}.Debug|Any CPU.ActiveCfg = Debug|Any CPU
		{91FD4AA4-053A-4DC2-B54C-D0E15894494E}.Debug|Any CPU.Build.0 = Debug|Any CPU
		{91FD4AA4-053A-4DC2-B54C-D0E15894494E}.Firefox|Any CPU.ActiveCfg = Release|Any CPU
		{91FD4AA4-053A-4DC2-B54C-D0E15894494E}.Firefox|Any CPU.Build.0 = Release|Any CPU
		{91FD4AA4-053A-4DC2-B54C-D0E15894494E}.IE|Any CPU.ActiveCfg = Release|Any CPU
		{91FD4AA4-053A-4DC2-B54C-D0E15894494E}.IE|Any CPU.Build.0 = Release|Any CPU
		{91FD4AA4-053A-4DC2-B54C-D0E15894494E}.IE10|Any CPU.ActiveCfg = Release|Any CPU
		{91FD4AA4-053A-4DC2-B54C-D0E15894494E}.IE10|Any CPU.Build.0 = Release|Any CPU
		{91FD4AA4-053A-4DC2-B54C-D0E15894494E}.IE11|Any CPU.ActiveCfg = Release|Any CPU
		{91FD4AA4-053A-4DC2-B54C-D0E15894494E}.IE11|Any CPU.Build.0 = Release|Any CPU
		{91FD4AA4-053A-4DC2-B54C-D0E15894494E}.Release|Any CPU.ActiveCfg = Release|Any CPU
		{91FD4AA4-053A-4DC2-B54C-D0E15894494E}.Release|Any CPU.Build.0 = Release|Any CPU
		{C4BBA1FD-D62B-489A-8EA2-A0CC10CBBA21}.Chrome|Any CPU.ActiveCfg = Release|Any CPU
		{C4BBA1FD-D62B-489A-8EA2-A0CC10CBBA21}.Chrome|Any CPU.Build.0 = Release|Any CPU
		{C4BBA1FD-D62B-489A-8EA2-A0CC10CBBA21}.Debug|Any CPU.ActiveCfg = Debug|Any CPU
		{C4BBA1FD-D62B-489A-8EA2-A0CC10CBBA21}.Debug|Any CPU.Build.0 = Debug|Any CPU
		{C4BBA1FD-D62B-489A-8EA2-A0CC10CBBA21}.Firefox|Any CPU.ActiveCfg = Release|Any CPU
		{C4BBA1FD-D62B-489A-8EA2-A0CC10CBBA21}.Firefox|Any CPU.Build.0 = Release|Any CPU
		{C4BBA1FD-D62B-489A-8EA2-A0CC10CBBA21}.IE|Any CPU.ActiveCfg = Release|Any CPU
		{C4BBA1FD-D62B-489A-8EA2-A0CC10CBBA21}.IE|Any CPU.Build.0 = Release|Any CPU
		{C4BBA1FD-D62B-489A-8EA2-A0CC10CBBA21}.IE10|Any CPU.ActiveCfg = Release|Any CPU
		{C4BBA1FD-D62B-489A-8EA2-A0CC10CBBA21}.IE10|Any CPU.Build.0 = Release|Any CPU
		{C4BBA1FD-D62B-489A-8EA2-A0CC10CBBA21}.IE11|Any CPU.ActiveCfg = Release|Any CPU
		{C4BBA1FD-D62B-489A-8EA2-A0CC10CBBA21}.IE11|Any CPU.Build.0 = Release|Any CPU
		{C4BBA1FD-D62B-489A-8EA2-A0CC10CBBA21}.Release|Any CPU.ActiveCfg = Release|Any CPU
		{C4BBA1FD-D62B-489A-8EA2-A0CC10CBBA21}.Release|Any CPU.Build.0 = Release|Any CPU
		{FB9592C9-BF37-43EF-ACE5-04EEF7C7DE0D}.Chrome|Any CPU.ActiveCfg = Chrome|Any CPU
		{FB9592C9-BF37-43EF-ACE5-04EEF7C7DE0D}.Chrome|Any CPU.Build.0 = Chrome|Any CPU
		{FB9592C9-BF37-43EF-ACE5-04EEF7C7DE0D}.Debug|Any CPU.ActiveCfg = Debug|Any CPU
		{FB9592C9-BF37-43EF-ACE5-04EEF7C7DE0D}.Debug|Any CPU.Build.0 = Debug|Any CPU
		{FB9592C9-BF37-43EF-ACE5-04EEF7C7DE0D}.Firefox|Any CPU.ActiveCfg = Firefox|Any CPU
		{FB9592C9-BF37-43EF-ACE5-04EEF7C7DE0D}.Firefox|Any CPU.Build.0 = Firefox|Any CPU
		{FB9592C9-BF37-43EF-ACE5-04EEF7C7DE0D}.IE|Any CPU.ActiveCfg = IE|Any CPU
		{FB9592C9-BF37-43EF-ACE5-04EEF7C7DE0D}.IE|Any CPU.Build.0 = IE|Any CPU
		{FB9592C9-BF37-43EF-ACE5-04EEF7C7DE0D}.IE10|Any CPU.ActiveCfg = IE10|Any CPU
		{FB9592C9-BF37-43EF-ACE5-04EEF7C7DE0D}.IE10|Any CPU.Build.0 = IE10|Any CPU
		{FB9592C9-BF37-43EF-ACE5-04EEF7C7DE0D}.IE11|Any CPU.ActiveCfg = IE11|Any CPU
		{FB9592C9-BF37-43EF-ACE5-04EEF7C7DE0D}.IE11|Any CPU.Build.0 = IE11|Any CPU
		{FB9592C9-BF37-43EF-ACE5-04EEF7C7DE0D}.Release|Any CPU.ActiveCfg = Release|Any CPU
		{FB9592C9-BF37-43EF-ACE5-04EEF7C7DE0D}.Release|Any CPU.Build.0 = Release|Any CPU
		{A0E424FD-4558-45A2-9F52-33A702E33D12}.Chrome|Any CPU.ActiveCfg = Chrome|Any CPU
		{A0E424FD-4558-45A2-9F52-33A702E33D12}.Chrome|Any CPU.Build.0 = Chrome|Any CPU
		{A0E424FD-4558-45A2-9F52-33A702E33D12}.Debug|Any CPU.ActiveCfg = Debug|Any CPU
		{A0E424FD-4558-45A2-9F52-33A702E33D12}.Debug|Any CPU.Build.0 = Debug|Any CPU
		{A0E424FD-4558-45A2-9F52-33A702E33D12}.Firefox|Any CPU.ActiveCfg = Firefox|Any CPU
		{A0E424FD-4558-45A2-9F52-33A702E33D12}.Firefox|Any CPU.Build.0 = Firefox|Any CPU
		{A0E424FD-4558-45A2-9F52-33A702E33D12}.IE|Any CPU.ActiveCfg = IE|Any CPU
		{A0E424FD-4558-45A2-9F52-33A702E33D12}.IE|Any CPU.Build.0 = IE|Any CPU
		{A0E424FD-4558-45A2-9F52-33A702E33D12}.IE10|Any CPU.ActiveCfg = IE10|Any CPU
		{A0E424FD-4558-45A2-9F52-33A702E33D12}.IE10|Any CPU.Build.0 = IE10|Any CPU
		{A0E424FD-4558-45A2-9F52-33A702E33D12}.IE11|Any CPU.ActiveCfg = IE11|Any CPU
		{A0E424FD-4558-45A2-9F52-33A702E33D12}.IE11|Any CPU.Build.0 = IE11|Any CPU
		{A0E424FD-4558-45A2-9F52-33A702E33D12}.Release|Any CPU.ActiveCfg = Release|Any CPU
		{A0E424FD-4558-45A2-9F52-33A702E33D12}.Release|Any CPU.Build.0 = Release|Any CPU
		{1FEC6835-66EE-4826-911A-2380B5388307}.Chrome|Any CPU.ActiveCfg = Release|Any CPU
		{1FEC6835-66EE-4826-911A-2380B5388307}.Chrome|Any CPU.Build.0 = Release|Any CPU
		{1FEC6835-66EE-4826-911A-2380B5388307}.Debug|Any CPU.ActiveCfg = Debug|Any CPU
		{1FEC6835-66EE-4826-911A-2380B5388307}.Debug|Any CPU.Build.0 = Debug|Any CPU
		{1FEC6835-66EE-4826-911A-2380B5388307}.Firefox|Any CPU.ActiveCfg = Release|Any CPU
		{1FEC6835-66EE-4826-911A-2380B5388307}.Firefox|Any CPU.Build.0 = Release|Any CPU
		{1FEC6835-66EE-4826-911A-2380B5388307}.IE|Any CPU.ActiveCfg = Release|Any CPU
		{1FEC6835-66EE-4826-911A-2380B5388307}.IE|Any CPU.Build.0 = Release|Any CPU
		{1FEC6835-66EE-4826-911A-2380B5388307}.IE10|Any CPU.ActiveCfg = Release|Any CPU
		{1FEC6835-66EE-4826-911A-2380B5388307}.IE10|Any CPU.Build.0 = Release|Any CPU
		{1FEC6835-66EE-4826-911A-2380B5388307}.IE11|Any CPU.ActiveCfg = Release|Any CPU
		{1FEC6835-66EE-4826-911A-2380B5388307}.IE11|Any CPU.Build.0 = Release|Any CPU
		{1FEC6835-66EE-4826-911A-2380B5388307}.Release|Any CPU.ActiveCfg = Release|Any CPU
		{1FEC6835-66EE-4826-911A-2380B5388307}.Release|Any CPU.Build.0 = Release|Any CPU
	EndGlobalSection
	GlobalSection(SolutionProperties) = preSolution
		HideSolutionNode = FALSE
	EndGlobalSection
	GlobalSection(NestedProjects) = preSolution
		{91FD4AA4-053A-4DC2-B54C-D0E15894494E} = {3B563173-89BA-4077-9938-C934B6D79467}
		{C4BBA1FD-D62B-489A-8EA2-A0CC10CBBA21} = {DE3A5EC3-D89F-4946-A807-12A874DE4062}
		{FB9592C9-BF37-43EF-ACE5-04EEF7C7DE0D} = {DE3A5EC3-D89F-4946-A807-12A874DE4062}
		{A0E424FD-4558-45A2-9F52-33A702E33D12} = {DE3A5EC3-D89F-4946-A807-12A874DE4062}
		{1FEC6835-66EE-4826-911A-2380B5388307} = {DE3A5EC3-D89F-4946-A807-12A874DE4062}
	EndGlobalSection
	GlobalSection(ExtensibilityGlobals) = postSolution
		SolutionGuid = {CF634829-5BFD-45DC-A258-3D834D6C72AF}
	EndGlobalSection
EndGlobal
